
Microsoft Visual Studio Solution File, Format Version 12.00
# Visual Studio Version 17
VisualStudioVersion = 17.14.36429.23 d17.14
MinimumVisualStudioVersion = 10.0.40219.1
Project("{FAE04EC0-301F-11D3-BF4B-00C04F79EFBC}") = "opp-2025-b-0619-76098-01", "opp-2025-b-0619-76098-01\opp-2025-b-0619-76098-01.csproj", "{6170288B-F405-409E-B1ED-21860E966D5F}"
EndProject
Global
	GlobalSection(SolutionConfigurationPlatforms) = preSolution
		Debug|Any CPU = Debug|Any CPU
		Release|Any CPU = Release|Any CPU
	EndGlobalSection
	GlobalSection(ProjectConfigurationPlatforms) = postSolution
		{6170288B-F405-409E-B1ED-21860E966D5F}.Debug|Any CPU.ActiveCfg = Debug|Any CPU
		{6170288B-F405-409E-B1ED-21860E966D5F}.Debug|Any CPU.Build.0 = Debug|Any CPU
		{6170288B-F405-409E-B1ED-21860E966D5F}.Release|Any CPU.ActiveCfg = Release|Any CPU
		{6170288B-F405-409E-B1ED-21860E966D5F}.Release|Any CPU.Build.0 = Release|Any CPU
	EndGlobalSection
	GlobalSection(SolutionProperties) = preSolution
		HideSolutionNode = FALSE
	EndGlobalSection
	GlobalSection(ExtensibilityGlobals) = postSolution
		SolutionGuid = {857FDE03-210E-408A-973F-9D717F4573B1}
	EndGlobalSection
EndGlobal
